// !$*UTF8*$!
{
	archiveVersion = 1;
	classes = {
	};
	objectVersion = 50;
	objects = {

/* Begin PBXBuildFile section */
		044A960D2122C45A005F8DB1 /* AppDelegate.swift in Sources */ = {isa = PBXBuildFile; fileRef = 044A960C2122C45A005F8DB1 /* AppDelegate.swift */; };
		044A960F2122C45A005F8DB1 /* ViewController.swift in Sources */ = {isa = PBXBuildFile; fileRef = 044A960E2122C45A005F8DB1 /* ViewController.swift */; };
		044A96122122C45A005F8DB1 /* Main.storyboard in Resources */ = {isa = PBXBuildFile; fileRef = 044A96102122C45A005F8DB1 /* Main.storyboard */; };
		044A96142122C45C005F8DB1 /* Assets.xcassets in Resources */ = {isa = PBXBuildFile; fileRef = 044A96132122C45C005F8DB1 /* Assets.xcassets */; };
		044A96172122C45C005F8DB1 /* LaunchScreen.storyboard in Resources */ = {isa = PBXBuildFile; fileRef = 044A96152122C45C005F8DB1 /* LaunchScreen.storyboard */; };
		046FA0F521243F4C00C45F4C /* car.jpg in Resources */ = {isa = PBXBuildFile; fileRef = 046FA0F421243F4C00C45F4C /* car.jpg */; };
		046FA0F92124411F00C45F4C /* crab.png in Resources */ = {isa = PBXBuildFile; fileRef = 046FA0F82124411F00C45F4C /* crab.png */; };
/* End PBXBuildFile section */

/* Begin PBXFileReference section */
		044A96092122C45A005F8DB1 /* AutolayoutVisualFormat.app */ = {isa = PBXFileReference; explicitFileType = wrapper.application; includeInIndex = 0; path = AutolayoutVisualFormat.app; sourceTree = BUILT_PRODUCTS_DIR; };
		044A960C2122C45A005F8DB1 /* AppDelegate.swift */ = {isa = PBXFileReference; lastKnownFileType = sourcecode.swift; path = AppDelegate.swift; sourceTree = "<group>"; };
		044A960E2122C45A005F8DB1 /* ViewController.swift */ = {isa = PBXFileReference; lastKnownFileType = sourcecode.swift; path = ViewController.swift; sourceTree = "<group>"; };
		044A96112122C45A005F8DB1 /* Base */ = {isa = PBXFileReference; lastKnownFileType = file.storyboard; name = Base; path = Base.lproj/Main.storyboard; sourceTree = "<group>"; };
		044A96132122C45C005F8DB1 /* Assets.xcassets */ = {isa = PBXFileReference; lastKnownFileType = folder.assetcatalog; path = Assets.xcassets; sourceTree = "<group>"; };
		044A96162122C45C005F8DB1 /* Base */ = {isa = PBXFileReference; lastKnownFileType = file.storyboard; name = Base; path = Base.lproj/LaunchScreen.storyboard; sourceTree = "<group>"; };
		044A96182122C45C005F8DB1 /* Info.plist */ = {isa = PBXFileReference; lastKnownFileType = text.plist.xml; path = Info.plist; sourceTree = "<group>"; };
		046FA0F421243F4C00C45F4C /* car.jpg */ = {isa = PBXFileReference; lastKnownFileType = image.jpeg; path = car.jpg; sourceTree = "<group>"; };
		046FA0F82124411F00C45F4C /* crab.png */ = {isa = PBXFileReference; lastKnownFileType = image.png; path = crab.png; sourceTree = "<group>"; };
/* End PBXFileReference section */

/* Begin PBXFrameworksBuildPhase section */
		044A96062122C459005F8DB1 /* Frameworks */ = {
			isa = PBXFrameworksBuildPhase;
			buildActionMask = 2147483647;
			files = (
			);
			runOnlyForDeploymentPostprocessing = 0;
		};
/* End PBXFrameworksBuildPhase section */

/* Begin PBXGroup section */
		044A96002122C459005F8DB1 = {
			isa = PBXGroup;
			children = (
				044A960B2122C45A005F8DB1 /* AutolayoutVisualFormat */,
				044A960A2122C45A005F8DB1 /* Products */,
			);
			sourceTree = "<group>";
		};
		044A960A2122C45A005F8DB1 /* Products */ = {
			isa = PBXGroup;
			children = (
				044A96092122C45A005F8DB1 /* AutolayoutVisualFormat.app */,
			);
			name = Products;
			sourceTree = "<group>";
		};
		044A960B2122C45A005F8DB1 /* AutolayoutVisualFormat */ = {
			isa = PBXGroup;
			children = (
				046FA0F421243F4C00C45F4C /* car.jpg */,
				046FA0F82124411F00C45F4C /* crab.png */,
				044A960C2122C45A005F8DB1 /* AppDelegate.swift */,
				044A960E2122C45A005F8DB1 /* ViewController.swift */,
				044A96102122C45A005F8DB1 /* Main.storyboard */,
				044A96132122C45C005F8DB1 /* Assets.xcassets */,
				044A96152122C45C005F8DB1 /* LaunchScreen.storyboard */,
				044A96182122C45C005F8DB1 /* Info.plist */,
			);
			path = AutolayoutVisualFormat;
			sourceTree = "<group>";
		};
/* End PBXGroup section */

/* Begin PBXNativeTarget section */
		044A96082122C459005F8DB1 /* AutolayoutVisualFormat */ = {
			isa = PBXNativeTarget;
			buildConfigurationList = 044A961B2122C45C005F8DB1 /* Build configuration list for PBXNativeTarget "AutolayoutVisualFormat" */;
			buildPhases = (
				044A96052122C459005F8DB1 /* Sources */,
				044A96062122C459005F8DB1 /* Frameworks */,
				044A96072122C459005F8DB1 /* Resources */,
			);
			buildRules = (
			);
			dependencies = (
			);
			name = AutolayoutVisualFormat;
			productName = AutolayoutVisualFormat;
			productReference = 044A96092122C45A005F8DB1 /* AutolayoutVisualFormat.app */;
			productType = "com.apple.product-type.application";
		};
/* End PBXNativeTarget section */

/* Begin PBXProject section */
		044A96012122C459005F8DB1 /* Project object */ = {
			isa = PBXProject;
			attributes = {
				LastSwiftUpdateCheck = 0940;
				LastUpgradeCheck = 0940;
				ORGANIZATIONNAME = mac;
				TargetAttributes = {
					044A96082122C459005F8DB1 = {
						CreatedOnToolsVersion = 9.4.1;
					};
				};
			};
			buildConfigurationList = 044A96042122C459005F8DB1 /* Build configuration list for PBXProject "AutolayoutVisualFormat" */;
			compatibilityVersion = "Xcode 9.3";
			developmentRegion = en;
			hasScannedForEncodings = 0;
			knownRegions = (
				en,
				Base,
			);
			mainGroup = 044A96002122C459005F8DB1;
			productRefGroup = 044A960A2122C45A005F8DB1 /* Products */;
			projectDirPath = "";
			projectRoot = "";
			targets = (
				044A96082122C459005F8DB1 /* AutolayoutVisualFormat */,
			);
		};
/* End PBXProject section */

/* Begin PBXResourcesBuildPhase section */
		044A96072122C459005F8DB1 /* Resources */ = {
			isa = PBXResourcesBuildPhase;
			buildActionMask = 2147483647;
			files = (
				046FA0F521243F4C00C45F4C /* car.jpg in Resources */,
				046FA0F92124411F00C45F4C /* crab.png in Resources */,
				044A96172122C45C005F8DB1 /* LaunchScreen.storyboard in Resources */,
				044A96142122C45C005F8DB1 /* Assets.xcassets in Resources */,
				044A96122122C45A005F8DB1 /* Main.storyboard in Resources */,
			);
			runOnlyForDeploymentPostprocessing = 0;
		};
/* End PBXResourcesBuildPhase section */

/* Begin PBXSourcesBuildPhase section */
		044A96052122C459005F8DB1 /* Sources */ = {
			isa = PBXSourcesBuildPhase;
			buildActionMask = 2147483647;
			files = (
				044A960F2122C45A005F8DB1 /* ViewController.swift in Sources */,
				044A960D2122C45A005F8DB1 /* AppDelegate.swift in Sources */,
			);
			runOnlyForDeploymentPostprocessing = 0;
		};
/* End PBXSourcesBuildPhase section */

/* Begin PBXVariantGroup section */
		044A96102122C45A005F8DB1 /* Main.storyboard */ = {
			isa = PBXVariantGroup;
			children = (
				044A96112122C45A005F8DB1 /* Base */,
			);
			name = Main.storyboard;
			sourceTree = "<group>";
		};
		044A96152122C45C005F8DB1 /* LaunchScreen.storyboard */ = {
			isa = PBXVariantGroup;
			children = (
				044A96162122C45C005F8DB1 /* Base */,
			);
			name = LaunchScreen.storyboard;
			sourceTree = "<group>";
		};
/* End PBXVariantGroup section */

/* Begin XCBuildConfiguration section */
		044A96192122C45C005F8DB1 /* Debug */ = {
			isa = XCBuildConfiguration;
			buildSettings = {
				ALWAYS_SEARCH_USER_PATHS = NO;
				CLANG_ANALYZER_NONNULL = YES;
				CLANG_ANALYZER_NUMBER_OBJECT_CONVERSION = YES_AGGRESSIVE;
				CLANG_CXX_LANGUAGE_STANDARD = "gnu++14";
				CLANG_CXX_LIBRARY = "libc++";
				CLANG_ENABLE_MODULES = YES;
				CLANG_ENABLE_OBJC_ARC = YES;
				CLANG_ENABLE_OBJC_WEAK = YES;
				CLANG_WARN_BLOCK_CAPTURE_AUTORELEASING = YES;
				CLANG_WARN_BOOL_CONVERSION = YES;
				CLANG_WARN_COMMA = YES;
				CLANG_WARN_CONSTANT_CONVERSION = YES;
				CLANG_WARN_DEPRECATED_OBJC_IMPLEMENTATIONS = YES;
				CLANG_WARN_DIRECT_OBJC_ISA_USAGE = YES_ERROR;
				CLANG_WARN_DOCUMENTATION_COMMENTS = YES;
				CLANG_WARN_EMPTY_BODY = YES;
				CLANG_WARN_ENUM_CONVERSION = YES;
				CLANG_WARN_INFINITE_RECURSION = YES;
				CLANG_WARN_INT_CONVERSION = YES;
				CLANG_WARN_NON_LITERAL_NULL_CONVERSION = YES;
				CLANG_WARN_OBJC_IMPLICIT_RETAIN_SELF = YES;
				CLANG_WARN_OBJC_LITERAL_CONVERSION = YES;
				CLANG_WARN_OBJC_ROOT_CLASS = YES_ERROR;
				CLANG_WARN_RANGE_LOOP_ANALYSIS = YES;
				CLANG_WARN_STRICT_PROTOTYPES = YES;
				CLANG_WARN_SUSPICIOUS_MOVE = YES;
				CLANG_WARN_UNGUARDED_AVAILABILITY = YES_AGGRESSIVE;
				CLANG_WARN_UNREACHABLE_CODE = YES;
				CLANG_WARN__DUPLICATE_METHOD_MATCH = YES;
				CODE_SIGN_IDENTITY = "iPhone Developer";
				COPY_PHASE_STRIP = NO;
				DEBUG_INFORMATION_FORMAT = dwarf;
				ENABLE_STRICT_OBJC_MSGSEND = YES;
				ENABLE_TESTABILITY = YES;
				GCC_C_LANGUAGE_STANDARD = gnu11;
				GCC_DYNAMIC_NO_PIC = NO;
				GCC_NO_COMMON_BLOCKS = YES;
				GCC_OPTIMIZATION_LEVEL = 0;
				GCC_PREPROCESSOR_DEFINITIONS = (
					"DEBUG=1",
					"$(inherited)",
				);
				GCC_WARN_64_TO_32_BIT_CONVERSION = YES;
				GCC_WARN_ABOUT_RETURN_TYPE = YES_ERROR;
				GCC_WARN_UNDECLARED_SELECTOR = YES;
				GCC_WARN_UNINITIALIZED_AUTOS = YES_AGGRESSIVE;
				GCC_WARN_UNUSED_FUNCTION = YES;
				GCC_WARN_UNUSED_VARIABLE = YES;
				IPHONEOS_DEPLOYMENT_TARGET = 11.4;
				MTL_ENABLE_DEBUG_INFO = YES;
				ONLY_ACTIVE_ARCH = YES;
				SDKROOT = iphoneos;
				SWIFT_ACTIVE_COMPILATION_CONDITIONS = DEBUG;
				SWIFT_OPTIMIZATION_LEVEL = "-Onone";
			};
			name = Debug;
		};
		044A961A2122C45C005F8DB1 /* Release */ = {
			isa = XCBuildConfiguration;
			buildSettings = {
				ALWAYS_SEARCH_USER_PATHS = NO;
				CLANG_ANALYZER_NONNULL = YES;
				CLANG_ANALYZER_NUMBER_OBJECT_CONVERSION = YES_AGGRESSIVE;
				CLANG_CXX_LANGUAGE_STANDARD = "gnu++14";
				CLANG_CXX_LIBRARY = "libc++";
				CLANG_ENABLE_MODULES = YES;
				CLANG_ENABLE_OBJC_ARC = YES;
				CLANG_ENABLE_OBJC_WEAK = YES;
				CLANG_WARN_BLOCK_CAPTURE_AUTORELEASING = YES;
				CLANG_WARN_BOOL_CONVERSION = YES;
				CLANG_WARN_COMMA = YES;
				CLANG_WARN_CONSTANT_CONVERSION = YES;
				CLANG_WARN_DEPRECATED_OBJC_IMPLEMENTATIONS = YES;
				CLANG_WARN_DIRECT_OBJC_ISA_USAGE = YES_ERROR;
				CLANG_WARN_DOCUMENTATION_COMMENTS = YES;
				CLANG_WARN_EMPTY_BODY = YES;
				CLANG_WARN_ENUM_CONVERSION = YES;
				CLANG_WARN_INFINITE_RECURSION = YES;
				CLANG_WARN_INT_CONVERSION = YES;
				CLANG_WARN_NON_LITERAL_NULL_CONVERSION = YES;
				CLANG_WARN_OBJC_IMPLICIT_RETAIN_SELF = YES;
				CLANG_WARN_OBJC_LITERAL_CONVERSION = YES;
				CLANG_WARN_OBJC_ROOT_CLASS = YES_ERROR;
				CLANG_WARN_RANGE_LOOP_ANALYSIS = YES;
				CLANG_WARN_STRICT_PROTOTYPES = YES;
				CLANG_WARN_SUSPICIOUS_MOVE = YES;
				CLANG_WARN_UNGUARDED_AVAILABILITY = YES_AGGRESSIVE;
				CLANG_WARN_UNREACHABLE_CODE = YES;
				CLANG_WARN__DUPLICATE_METHOD_MATCH = YES;
				CODE_SIGN_IDENTITY = "iPhone Developer";
				COPY_PHASE_STRIP = NO;
				DEBUG_INFORMATION_FORMAT = "dwarf-with-dsym";
				ENABLE_NS_ASSERTIONS = NO;
				ENABLE_STRICT_OBJC_MSGSEND = YES;
				GCC_C_LANGUAGE_STANDARD = gnu11;
				GCC_NO_COMMON_BLOCKS = YES;
				GCC_WARN_64_TO_32_BIT_CONVERSION = YES;
				GCC_WARN_ABOUT_RETURN_TYPE = YES_ERROR;
				GCC_WARN_UNDECLARED_SELECTOR = YES;
				GCC_WARN_UNINITIALIZED_AUTOS = YES_AGGRESSIVE;
				GCC_WARN_UNUSED_FUNCTION = YES;
				GCC_WARN_UNUSED_VARIABLE = YES;
				IPHONEOS_DEPLOYMENT_TARGET = 11.4;
				MTL_ENABLE_DEBUG_INFO = NO;
				SDKROOT = iphoneos;
				SWIFT_COMPILATION_MODE = wholemodule;
				SWIFT_OPTIMIZATION_LEVEL = "-O";
				VALIDATE_PRODUCT = YES;
			};
			name = Release;
		};
		044A961C2122C45C005F8DB1 /* Debug */ = {
			isa = XCBuildConfiguration;
			buildSettings = {
				ASSETCATALOG_COMPILER_APPICON_NAME = AppIcon;
				CODE_SIGN_STYLE = Automatic;
				INFOPLIST_FILE = AutolayoutVisualFormat/Info.plist;
				LD_RUNPATH_SEARCH_PATHS = (
					"$(inherited)",
					"@executable_path/Frameworks",
				);
				PRODUCT_BUNDLE_IDENTIFIER = Efimenko.AutolayoutVisualFormat;
				PRODUCT_NAME = "$(TARGET_NAME)";
				SWIFT_VERSION = 4.0;
				TARGETED_DEVICE_FAMILY = "1,2";
			};
			name = Debug;
		};
		044A961D2122C45C005F8DB1 /* Release */ = {
			isa = XCBuildConfiguration;
			buildSettings = {
				ASSETCATALOG_COMPILER_APPICON_NAME = AppIcon;
				CODE_SIGN_STYLE = Automatic;
				INFOPLIST_FILE = AutolayoutVisualFormat/Info.plist;
				LD_RUNPATH_SEARCH_PATHS = (
					"$(inherited)",
					"@executable_path/Frameworks",
				);
				PRODUCT_BUNDLE_IDENTIFIER = Efimenko.AutolayoutVisualFormat;
				PRODUCT_NAME = "$(TARGET_NAME)";
				SWIFT_VERSION = 4.0;
				TARGETED_DEVICE_FAMILY = "1,2";
			};
			name = Release;
		};
/* End XCBuildConfiguration section */

/* Begin XCConfigurationList section */
		044A96042122C459005F8DB1 /* Build configuration list for PBXProject "AutolayoutVisualFormat" */ = {
			isa = XCConfigurationList;
			buildConfigurations = (
				044A96192122C45C005F8DB1 /* Debug */,
				044A961A2122C45C005F8DB1 /* Release */,
			);
			defaultConfigurationIsVisible = 0;
			defaultConfigurationName = Release;
		};
		044A961B2122C45C005F8DB1 /* Build configuration list for PBXNativeTarget "AutolayoutVisualFormat" */ = {
			isa = XCConfigurationList;
			buildConfigurations = (
				044A961C2122C45C005F8DB1 /* Debug */,
				044A961D2122C45C005F8DB1 /* Release */,
			);
			defaultConfigurationIsVisible = 0;
			defaultConfigurationName = Release;
		};
/* End XCConfigurationList section */
	};
	rootObject = 044A96012122C459005F8DB1 /* Project object */;
}
